
Microsoft Visual Studio Solution File, Format Version 12.00
# Visual Studio Version 16
VisualStudioVersion = 16.0.30320.27
MinimumVisualStudioVersion = 10.0.40219.1
Project("{9A19103F-16F7-4668-BE54-9A1E7A4F7556}") = "Genericos_Delegados", "Genericos_Delegados.csproj", "{151B0AF5-F926-41DB-9357-BD4035DBFAA3}"
EndProject
Global
	GlobalSection(SolutionConfigurationPlatforms) = preSolution
		Debug|Any CPU = Debug|Any CPU
		Release|Any CPU = Release|Any CPU
	EndGlobalSection
	GlobalSection(ProjectConfigurationPlatforms) = postSolution
		{151B0AF5-F926-41DB-9357-BD4035DBFAA3}.Debug|Any CPU.ActiveCfg = Debug|Any CPU
		{151B0AF5-F926-41DB-9357-BD4035DBFAA3}.Debug|Any CPU.Build.0 = Debug|Any CPU
		{151B0AF5-F926-41DB-9357-BD4035DBFAA3}.Release|Any CPU.ActiveCfg = Release|Any CPU
		{151B0AF5-F926-41DB-9357-BD4035DBFAA3}.Release|Any CPU.Build.0 = Release|Any CPU
	EndGlobalSection
	GlobalSection(SolutionProperties) = preSolution
		HideSolutionNode = FALSE
	EndGlobalSection
	GlobalSection(ExtensibilityGlobals) = postSolution
		SolutionGuid = {09503F7E-89D3-4797-93B1-AEFF217B7655}
	EndGlobalSection
EndGlobal
